
Microsoft Visual Studio Solution File, Format Version 12.00
# Visual Studio Version 17
VisualStudioVersion = 17.7.34003.232
MinimumVisualStudioVersion = 10.0.40219.1
Project("{8BC9CEB8-8B4A-11D0-8D11-00A0C91BC942}") = "GameProject", "GameProject\GameProject.vcxproj", "{EBF2CFAF-1B3A-49E4-B086-7E82451A7627}"
EndProject
Global
	GlobalSection(SolutionConfigurationPlatforms) = preSolution
		Debug|x64 = Debug|x64
		Debug|x86 = Debug|x86
		Release|x64 = Release|x64
		Release|x86 = Release|x86
	EndGlobalSection
	GlobalSection(ProjectConfigurationPlatforms) = postSolution
		{EBF2CFAF-1B3A-49E4-B086-7E82451A7627}.Debug|x64.ActiveCfg = Debug|x64
		{EBF2CFAF-1B3A-49E4-B086-7E82451A7627}.Debug|x64.Build.0 = Debug|x64
		{EBF2CFAF-1B3A-49E4-B086-7E82451A7627}.Debug|x86.ActiveCfg = Debug|Win32
		{EBF2CFAF-1B3A-49E4-B086-7E82451A7627}.Debug|x86.Build.0 = Debug|Win32
		{EBF2CFAF-1B3A-49E4-B086-7E82451A7627}.Release|x64.ActiveCfg = Release|x64
		{EBF2CFAF-1B3A-49E4-B086-7E82451A7627}.Release|x64.Build.0 = Release|x64
		{EBF2CFAF-1B3A-49E4-B086-7E82451A7627}.Release|x86.ActiveCfg = Release|Win32
		{EBF2CFAF-1B3A-49E4-B086-7E82451A7627}.Release|x86.Build.0 = Release|Win32
	EndGlobalSection
	GlobalSection(SolutionProperties) = preSolution
		HideSolutionNode = FALSE
	EndGlobalSection
	GlobalSection(ExtensibilityGlobals) = postSolution
		SolutionGuid = {B98C7999-E23E-4C67-AB86-A4C1AF4036A4}
	EndGlobalSection
EndGlobal
